{
  "name": "really-large-app",
  "version": "1.0.0",
  "lockfileVersion": 2,
  "requires": true,
  "packages": {
    "": {
      "name": "really-large-app",
      "version": "1.0.0",
      "license": "ISC",
      "dependencies": {
        "drew-first-module": "file:../drew-first-module"
      }
    },
    "../drew-first-module": {
      "version": "1.0.0",
      "license": "ISC"
    },
    "node_modules/drew-first-module": {
      "resolved": "../drew-first-module",
      "link": true
    }
  },
  "dependencies": {
    "drew-first-module": {
      "version": "file:../drew-first-module"
    }
  }
}
