{
  "name": "really-large-app",
  "version": "1.0.0",
  "lockfileVersion": 2,
  "requires": true,
  "packages": {
    "": {
      "name": "really-large-app",
      "version": "1.0.0",
      "license": "ISC"
    },
    "../drew-first-module": {
      "version": "1.0.0",
      "extraneous": true,
      "license": "ISC"
    }
  }
}
